
Microsoft Visual Studio Solution File, Format Version 12.00
# Visual Studio 15
VisualStudioVersion = 15.0.27428.2037
MinimumVisualStudioVersion = 10.0.40219.1
Project("{FAE04EC0-301F-11D3-BF4B-00C04F79EFBC}") = "DumpClipboard", "DumpClipboard\DumpClipboard.csproj", "{9104A92F-6954-4E12-92E0-B6898E30A7AC}"
EndProject
Global
	GlobalSection(SolutionConfigurationPlatforms) = preSolution
		Debug|Any CPU = Debug|Any CPU
		Release|Any CPU = Release|Any CPU
	EndGlobalSection
	GlobalSection(ProjectConfigurationPlatforms) = postSolution
		{9104A92F-6954-4E12-92E0-B6898E30A7AC}.Debug|Any CPU.ActiveCfg = Debug|Any CPU
		{9104A92F-6954-4E12-92E0-B6898E30A7AC}.Debug|Any CPU.Build.0 = Debug|Any CPU
		{9104A92F-6954-4E12-92E0-B6898E30A7AC}.Release|Any CPU.ActiveCfg = Release|Any CPU
		{9104A92F-6954-4E12-92E0-B6898E30A7AC}.Release|Any CPU.Build.0 = Release|Any CPU
	EndGlobalSection
	GlobalSection(SolutionProperties) = preSolution
		HideSolutionNode = FALSE
	EndGlobalSection
	GlobalSection(ExtensibilityGlobals) = postSolution
		SolutionGuid = {C82829E7-B0EC-4BA3-8D5B-7B1BBD1BFB6E}
	EndGlobalSection
EndGlobal
